
Microsoft Visual Studio Solution File, Format Version 12.00
# Visual Studio Version 17
VisualStudioVersion = 17.5.33516.290
MinimumVisualStudioVersion = 10.0.40219.1
Project("{FAE04EC0-301F-11D3-BF4B-00C04F79EFBC}") = "Cube", "Cube.csproj", "{1FC3D24C-62D2-410E-AA9E-5E0FFB996952}"
EndProject
Global
	GlobalSection(SolutionConfigurationPlatforms) = preSolution
		Debug|x86 = Debug|x86
		Release|x86 = Release|x86
	EndGlobalSection
	GlobalSection(ProjectConfigurationPlatforms) = postSolution
		{1FC3D24C-62D2-410E-AA9E-5E0FFB996952}.Debug|x86.ActiveCfg = Debug|x86
		{1FC3D24C-62D2-410E-AA9E-5E0FFB996952}.Debug|x86.Build.0 = Debug|x86
		{1FC3D24C-62D2-410E-AA9E-5E0FFB996952}.Release|x86.ActiveCfg = Release|x86
		{1FC3D24C-62D2-410E-AA9E-5E0FFB996952}.Release|x86.Build.0 = Release|x86
	EndGlobalSection
	GlobalSection(SolutionProperties) = preSolution
		HideSolutionNode = FALSE
	EndGlobalSection
	GlobalSection(ExtensibilityGlobals) = postSolution
		SolutionGuid = {A58B5521-9C50-4117-BF2A-4CB3C16DC6CC}
	EndGlobalSection
EndGlobal
